
Microsoft Visual Studio Solution File, Format Version 12.00
# Visual Studio 2012
Project("{FAE04EC0-301F-11D3-BF4B-00C04F79EFBC}") = "SBTest", "SBTest\SBTest.csproj", "{F2840175-16F7-414F-843E-17A5075E366D}"
EndProject
Global
	GlobalSection(SolutionConfigurationPlatforms) = preSolution
		Debug|Any CPU = Debug|Any CPU
		Release|Any CPU = Release|Any CPU
	EndGlobalSection
	GlobalSection(ProjectConfigurationPlatforms) = postSolution
		{F2840175-16F7-414F-843E-17A5075E366D}.Debug|Any CPU.ActiveCfg = Debug|Any CPU
		{F2840175-16F7-414F-843E-17A5075E366D}.Debug|Any CPU.Build.0 = Debug|Any CPU
		{F2840175-16F7-414F-843E-17A5075E366D}.Release|Any CPU.ActiveCfg = Release|Any CPU
		{F2840175-16F7-414F-843E-17A5075E366D}.Release|Any CPU.Build.0 = Release|Any CPU
	EndGlobalSection
	GlobalSection(SolutionProperties) = preSolution
		HideSolutionNode = FALSE
	EndGlobalSection
EndGlobal
